
Microsoft Visual Studio Solution File, Format Version 12.00
# Visual Studio Version 16
VisualStudioVersion = 16.0.30114.105
MinimumVisualStudioVersion = 10.0.40219.1
Project("{FAE04EC0-301F-11D3-BF4B-00C04F79EFBC}") = "ExceptionFactoryCore", "ExceptionFactoryCore\ExceptionFactoryCore.csproj", "{DF2902DE-04C7-43A2-9B0A-6B3A903565CC}"
EndProject
Project("{FAE04EC0-301F-11D3-BF4B-00C04F79EFBC}") = "ExceptionFactoryTests", "ExceptionFactoryTests\ExceptionFactoryTests.csproj", "{769C58E3-B8AF-4E43-A96A-517B9009F066}"
EndProject
Project("{FAE04EC0-301F-11D3-BF4B-00C04F79EFBC}") = "ExceptionFactoryCodeGen", "ExceptionFactoryCodeGen\ExceptionFactoryCodeGen.csproj", "{BE39726C-9ECB-460E-B705-B5BD8CF5E151}"
EndProject
Global
	GlobalSection(SolutionConfigurationPlatforms) = preSolution
		Debug|Any CPU = Debug|Any CPU
		Release|Any CPU = Release|Any CPU
	EndGlobalSection
	GlobalSection(SolutionProperties) = preSolution
		HideSolutionNode = FALSE
	EndGlobalSection
	GlobalSection(ProjectConfigurationPlatforms) = postSolution
		{DF2902DE-04C7-43A2-9B0A-6B3A903565CC}.Debug|Any CPU.ActiveCfg = Debug|Any CPU
		{DF2902DE-04C7-43A2-9B0A-6B3A903565CC}.Debug|Any CPU.Build.0 = Debug|Any CPU
		{DF2902DE-04C7-43A2-9B0A-6B3A903565CC}.Release|Any CPU.ActiveCfg = Release|Any CPU
		{DF2902DE-04C7-43A2-9B0A-6B3A903565CC}.Release|Any CPU.Build.0 = Release|Any CPU
		{769C58E3-B8AF-4E43-A96A-517B9009F066}.Debug|Any CPU.ActiveCfg = Debug|Any CPU
		{769C58E3-B8AF-4E43-A96A-517B9009F066}.Debug|Any CPU.Build.0 = Debug|Any CPU
		{769C58E3-B8AF-4E43-A96A-517B9009F066}.Release|Any CPU.ActiveCfg = Release|Any CPU
		{769C58E3-B8AF-4E43-A96A-517B9009F066}.Release|Any CPU.Build.0 = Release|Any CPU
		{BE39726C-9ECB-460E-B705-B5BD8CF5E151}.Debug|Any CPU.ActiveCfg = Debug|Any CPU
		{BE39726C-9ECB-460E-B705-B5BD8CF5E151}.Debug|Any CPU.Build.0 = Debug|Any CPU
		{BE39726C-9ECB-460E-B705-B5BD8CF5E151}.Release|Any CPU.ActiveCfg = Release|Any CPU
		{BE39726C-9ECB-460E-B705-B5BD8CF5E151}.Release|Any CPU.Build.0 = Release|Any CPU
	EndGlobalSection
	GlobalSection(NestedProjects) = preSolution
	EndGlobalSection
EndGlobal
